
Microsoft Visual Studio Solution File, Format Version 12.00
# Visual Studio Version 16
VisualStudioVersion = 16.0.30621.155
MinimumVisualStudioVersion = 10.0.40219.1
Project("{FAE04EC0-301F-11D3-BF4B-00C04F79EFBC}") = "e_Ticaret", "e-Ticaret\e_Ticaret.csproj", "{503A3FBB-C5A0-4CFE-BA12-996D0F989BB9}"
EndProject
Global
	GlobalSection(SolutionConfigurationPlatforms) = preSolution
		Debug|Any CPU = Debug|Any CPU
		Release|Any CPU = Release|Any CPU
	EndGlobalSection
	GlobalSection(ProjectConfigurationPlatforms) = postSolution
		{503A3FBB-C5A0-4CFE-BA12-996D0F989BB9}.Debug|Any CPU.ActiveCfg = Debug|Any CPU
		{503A3FBB-C5A0-4CFE-BA12-996D0F989BB9}.Debug|Any CPU.Build.0 = Debug|Any CPU
		{503A3FBB-C5A0-4CFE-BA12-996D0F989BB9}.Release|Any CPU.ActiveCfg = Release|Any CPU
		{503A3FBB-C5A0-4CFE-BA12-996D0F989BB9}.Release|Any CPU.Build.0 = Release|Any CPU
	EndGlobalSection
	GlobalSection(SolutionProperties) = preSolution
		HideSolutionNode = FALSE
	EndGlobalSection
	GlobalSection(ExtensibilityGlobals) = postSolution
		SolutionGuid = {E16F51BD-EA4B-4964-81C4-410F40258C58}
	EndGlobalSection
EndGlobal
